
Microsoft Visual Studio Solution File, Format Version 12.00
# Visual Studio 15
VisualStudioVersion = 15.0.26430.6
MinimumVisualStudioVersion = 10.0.40219.1
Project("{FAE04EC0-301F-11D3-BF4B-00C04F79EFBC}") = "ReverseStringStack", "ReverseStringStack\ReverseStringStack.csproj", "{0F473A37-4CDA-4175-B1E7-D6DF9A05E60F}"
EndProject
Global
	GlobalSection(SolutionConfigurationPlatforms) = preSolution
		Debug|Any CPU = Debug|Any CPU
		Release|Any CPU = Release|Any CPU
	EndGlobalSection
	GlobalSection(ProjectConfigurationPlatforms) = postSolution
		{0F473A37-4CDA-4175-B1E7-D6DF9A05E60F}.Debug|Any CPU.ActiveCfg = Debug|Any CPU
		{0F473A37-4CDA-4175-B1E7-D6DF9A05E60F}.Debug|Any CPU.Build.0 = Debug|Any CPU
		{0F473A37-4CDA-4175-B1E7-D6DF9A05E60F}.Release|Any CPU.ActiveCfg = Release|Any CPU
		{0F473A37-4CDA-4175-B1E7-D6DF9A05E60F}.Release|Any CPU.Build.0 = Release|Any CPU
	EndGlobalSection
	GlobalSection(SolutionProperties) = preSolution
		HideSolutionNode = FALSE
	EndGlobalSection
EndGlobal
